
Microsoft Visual Studio Solution File, Format Version 12.00
# Visual Studio Version 16
VisualStudioVersion = 16.0.31911.196
MinimumVisualStudioVersion = 10.0.40219.1
Project("{FAE04EC0-301F-11D3-BF4B-00C04F79EFBC}") = "Login1", "Login1\Login1.csproj", "{C0650F87-83BB-403D-8FAF-EA4AB001BAB6}"
EndProject
Global
	GlobalSection(SolutionConfigurationPlatforms) = preSolution
		Debug|Any CPU = Debug|Any CPU
		Release|Any CPU = Release|Any CPU
	EndGlobalSection
	GlobalSection(ProjectConfigurationPlatforms) = postSolution
		{C0650F87-83BB-403D-8FAF-EA4AB001BAB6}.Debug|Any CPU.ActiveCfg = Debug|Any CPU
		{C0650F87-83BB-403D-8FAF-EA4AB001BAB6}.Debug|Any CPU.Build.0 = Debug|Any CPU
		{C0650F87-83BB-403D-8FAF-EA4AB001BAB6}.Release|Any CPU.ActiveCfg = Release|Any CPU
		{C0650F87-83BB-403D-8FAF-EA4AB001BAB6}.Release|Any CPU.Build.0 = Release|Any CPU
	EndGlobalSection
	GlobalSection(SolutionProperties) = preSolution
		HideSolutionNode = FALSE
	EndGlobalSection
	GlobalSection(ExtensibilityGlobals) = postSolution
		SolutionGuid = {785239F5-6672-45C2-B7F6-2B344C643CEC}
	EndGlobalSection
EndGlobal
